
Microsoft Visual Studio Solution File, Format Version 12.00
# Visual Studio Version 17
VisualStudioVersion = 17.6.33829.357
MinimumVisualStudioVersion = 10.0.40219.1
Project("{9A19103F-16F7-4668-BE54-9A1E7A4F7556}") = "WebApplication2", "WebApplication2\WebApplication2.csproj", "{24331414-83C7-4D41-851C-047C41746791}"
EndProject
Project("{9A19103F-16F7-4668-BE54-9A1E7A4F7556}") = "WebApplication2.DataAccess", "WebApplication2.DataAccess\WebApplication2.DataAccess.csproj", "{0AB1D24E-22CE-4C3E-BD67-EAF1AEEE71F0}"
EndProject
Project("{9A19103F-16F7-4668-BE54-9A1E7A4F7556}") = "WebApplication2.Core", "WebApplication2.Core\WebApplication2.Core.csproj", "{FD4B604F-9A30-4A22-A699-61F020934245}"
EndProject
Project("{E53339B2-1760-4266-BCC7-CA923CBCF16C}") = "docker-compose", "docker-compose.dcproj", "{140FC7AA-0451-4C12-8A95-04CC517B5284}"
EndProject
Global
	GlobalSection(SolutionConfigurationPlatforms) = preSolution
		Debug|Any CPU = Debug|Any CPU
		Release|Any CPU = Release|Any CPU
	EndGlobalSection
	GlobalSection(ProjectConfigurationPlatforms) = postSolution
		{24331414-83C7-4D41-851C-047C41746791}.Debug|Any CPU.ActiveCfg = Debug|Any CPU
		{24331414-83C7-4D41-851C-047C41746791}.Debug|Any CPU.Build.0 = Debug|Any CPU
		{24331414-83C7-4D41-851C-047C41746791}.Release|Any CPU.ActiveCfg = Release|Any CPU
		{24331414-83C7-4D41-851C-047C41746791}.Release|Any CPU.Build.0 = Release|Any CPU
		{0AB1D24E-22CE-4C3E-BD67-EAF1AEEE71F0}.Debug|Any CPU.ActiveCfg = Debug|Any CPU
		{0AB1D24E-22CE-4C3E-BD67-EAF1AEEE71F0}.Debug|Any CPU.Build.0 = Debug|Any CPU
		{0AB1D24E-22CE-4C3E-BD67-EAF1AEEE71F0}.Release|Any CPU.ActiveCfg = Release|Any CPU
		{0AB1D24E-22CE-4C3E-BD67-EAF1AEEE71F0}.Release|Any CPU.Build.0 = Release|Any CPU
		{FD4B604F-9A30-4A22-A699-61F020934245}.Debug|Any CPU.ActiveCfg = Debug|Any CPU
		{FD4B604F-9A30-4A22-A699-61F020934245}.Debug|Any CPU.Build.0 = Debug|Any CPU
		{FD4B604F-9A30-4A22-A699-61F020934245}.Release|Any CPU.ActiveCfg = Release|Any CPU
		{FD4B604F-9A30-4A22-A699-61F020934245}.Release|Any CPU.Build.0 = Release|Any CPU
		{140FC7AA-0451-4C12-8A95-04CC517B5284}.Debug|Any CPU.ActiveCfg = Debug|Any CPU
		{140FC7AA-0451-4C12-8A95-04CC517B5284}.Debug|Any CPU.Build.0 = Debug|Any CPU
		{140FC7AA-0451-4C12-8A95-04CC517B5284}.Release|Any CPU.ActiveCfg = Release|Any CPU
		{140FC7AA-0451-4C12-8A95-04CC517B5284}.Release|Any CPU.Build.0 = Release|Any CPU
	EndGlobalSection
	GlobalSection(SolutionProperties) = preSolution
		HideSolutionNode = FALSE
	EndGlobalSection
	GlobalSection(ExtensibilityGlobals) = postSolution
		SolutionGuid = {E905CA1C-53A1-4091-9048-366FA8252155}
	EndGlobalSection
EndGlobal
